# This file is autogenerated, do not edit; changes may be undone by the next 'dep ensure'.


[[projects]]
  name = "github.com/peterhellberg/link"
  packages = ["."]
  revision = "d1cebc7ea14a5fc0de7cb4a45acae773161642c6"
  version = "v1.0.0"

[solve-meta]
  analyzer-name = "dep"
  analyzer-version = 1
  inputs-digest = "8bcd1cc1aeb71ec2c661e76f7b76d2b6c5f2f4790d03508c2e85189098855c20"
  solver-name = "gps-cdcl"
  solver-version = 1
