crawshaw.io/sqlite v0.0.0-20180424141314-2c204735769c h1:Am8Chx0v0+5AGRGWclenZVn6N8R3awnm0aVvbBuuw9I=
crawshaw.io/sqlite v0.0.0-20180424141314-2c204735769c/go.mod h1:BZaitnE9BVpocOuCdi/y5XReJMUelG53e/rDSLwSFzY=
github.com/cenkalti/backoff v1.1.0 h1:QnvVp8ikKCDWOsFheytRCoYWYPO/ObCTBGxT19Hc+yE=
github.com/cenkalti/backoff v1.1.0/go.mod h1:90ReRw6GdpyfrHakVjL/QHaoyV4aDUVVkXQJJJ3NXXM=
github.com/dghubble/oauth1 v0.4.0 h1:+MpOsgByu02lzT4pRGei5d2p6nAgj8yDwF3RASrgNPQ=
github.com/dghubble/oauth1 v0.4.0/go.mod h1:8V8BMV9DJRREZx/lUaHtrs7GUMXpzbMqJxINCasxYug=
github.com/dghubble/sling v1.1.0 h1:DLu20Bq2qsB9cI5Hldaxj+TMPEaPpPE8IR2kvD22Atg=
github.com/dghubble/sling v1.1.0/go.mod h1:ZcPRuLm0qrcULW2gOrjXrAWgf76sahqSyxXyVOvkunE=
github.com/golang/groupcache v0.0.0-20180203143532-66deaeb636df h1:Sf/EWTqecLGj5mn9KFu3L4Cc4O/6kGnbtbDtXrjzv5A=
github.com/golang/groupcache v0.0.0-20180203143532-66deaeb636df/go.mod h1:cIg4eruTrX1D+g88fzRXU5OdNfaM+9IcxsU14FzY7Hc=
github.com/google/go-querystring v0.0.0-20170111101155-53e6ce116135 h1:zLTLjkaOFEFIOxY5BWLFLwh+cL8vOBW4XJ2aqLE/Tf0=
github.com/google/go-querystring v0.0.0-20170111101155-53e6ce116135/go.mod h1:odCYkC5MyYFN7vkCjXpyrEuKhc/BUO6wN/zVPAxq5ck=
github.com/pkg/errors v0.8.0 h1:WdK/asTD0HN+q6hsWO3/vpuAkAr+tw6aNJNDFFf0+qw=
github.com/pkg/errors v0.8.0/go.mod h1:bwawxfHBFNV+L2hUp1rHADufV3IMtnDRdf1r5NINEl0=
github.com/sirupsen/logrus v1.0.4 h1:gzbtLsZC3Ic5PptoRG+kQj4L60qjK7H7XszrU163JNQ=
github.com/sirupsen/logrus v1.0.4/go.mod h1:pMByvHTf9Beacp5x1UXfOR9xyW/9antXMhjMPG0dEzc=
github.com/v2pro/plz v0.0.0-20180222231523-10fc95fad322 h1:jMUbPWejqZMGhaDbTuO06ADFU6EKjDz7sfVKwO2CtOs=
github.com/v2pro/plz v0.0.0-20180222231523-10fc95fad322/go.mod h1:6xoYDIZTeCY25tlsJC/zNlCh84xCKwBSAXwKF32tdIg=
golang.org/x/crypto v0.0.0-20180214000028-650f4a345ab4 h1:OfaUle5HH9Y0obNU74mlOZ/Igdtwi3eGOKcljJsTnbw=
golang.org/x/crypto v0.0.0-20180214000028-650f4a345ab4/go.mod h1:6SG95UA2DQfeDnfUPMdvaQW0Q7yPrPDi9nlGo2tz2b4=
golang.org/x/net v0.0.0-20180216110104-2e7f24ace300 h1:RyERinsP2Y3PN1VAB5YzTDKgNBQoGn901bploaU8x1o=
golang.org/x/net v0.0.0-20180216110104-2e7f24ace300/go.mod h1:mL1N/T3taQHkDXs73rZJwtUhF3w3ftmwwsq0BUmARs4=
golang.org/x/sys v0.0.0-20180202135801-37707fdb30a5 h1:MF92a0wJ3gzSUVBpjcwdrDr5+klMFRNEEu6Mev4n00I=
golang.org/x/sys v0.0.0-20180202135801-37707fdb30a5/go.mod h1:STP8DvDyc/dI5b8T5hshtkjS+E42TnysNCUPdjciGhY=
