# This file is autogenerated, do not edit; changes may be undone by the next 'dep ensure'.


[[projects]]
  branch = "master"
  name = "crawshaw.io/sqlite"
  packages = [
    ".",
    "sqliteutil"
  ]
  revision = "a98490ac2243c45efa2a409be45ea37c663930ef"

[[projects]]
  name = "github.com/pkg/errors"
  packages = ["."]
  revision = "645ef00459ed84a119197bfb8d8205042c6df63d"
  version = "v0.8.0"

[[projects]]
  name = "github.com/sirupsen/logrus"
  packages = [
    ".",
    "hooks/syslog"
  ]
  revision = "c155da19408a8799da419ed3eeb0cb5db0ad5dbc"
  version = "v1.0.5"

[[projects]]
  branch = "master"
  name = "golang.org/x/crypto"
  packages = ["ssh/terminal"]
  revision = "d6449816ce06963d9d136eee5a56fca5b0616e7e"

[[projects]]
  branch = "master"
  name = "golang.org/x/net"
  packages = ["context"]
  revision = "500e7a4f953ddaf55d316b4d3adc516aa0379622"

[[projects]]
  branch = "master"
  name = "golang.org/x/sync"
  packages = ["errgroup"]
  revision = "1d60e4601c6fd243af51cc01ddf169918a5407ca"

[[projects]]
  branch = "master"
  name = "golang.org/x/sys"
  packages = [
    "unix",
    "windows"
  ]
  revision = "2281fa97ef7b0c26324634d5a22f04babdac8713"

[solve-meta]
  analyzer-name = "dep"
  analyzer-version = 1
  inputs-digest = "8b6f2fd00e947887cae71378eff9df5115913602c3a836cd46fcccef201d0e6d"
  solver-name = "gps-cdcl"
  solver-version = 1
