github.com/cloudflare/dns v0.0.0-20150411011339-71d0b8b38181 h1:3+xrVcdx3D3WmV2WjbTMJeULpLAaFQrG+eeZGGCu0ag=
github.com/cloudflare/dns v0.0.0-20150411011339-71d0b8b38181/go.mod h1:pa4p3oKOxzbXjrV5AGD1v5xjL7skv9BvO4J0Llo3P+s=
github.com/gopherjs/gopherjs v0.0.0-20150919203317-52a9b31eabc4 h1:YH92W0r70tZvTyT9Kh4F94W1ZDVg3YD/FSVOONouOlk=
github.com/gopherjs/gopherjs v0.0.0-20150919203317-52a9b31eabc4/go.mod h1:wJfORRmW1u3UXTncJ5qlYoELFm8eSnnEO6hX4iZ3EWY=
