github.com/andrew-d/go-termutil v0.0.0-20150726205930-009166a695a2 h1:axBiC50cNZOs7ygH5BgQp4N+aYrZ2DNpWZ1KG3VOSOM=
github.com/andrew-d/go-termutil v0.0.0-20150726205930-009166a695a2/go.mod h1:jnzFpU88PccN/tPPhCpnNU8mZphvKxYM9lLNkd8e+os=
github.com/fatih/color v0.0.0-20150823214434-76d423163af7 h1:hyLdP1Jx+bXCxaDdnlFn5f65kuAW6m5WLEkXsYoSXXk=
github.com/fatih/color v0.0.0-20150823214434-76d423163af7/go.mod h1:Zm6kSWBoL9eyXnKyktHP6abPY2pDugNf5KwzbycvMj4=
github.com/mattn/go-isatty v0.0.0-20150814002629-7fcbc72f853b h1:KOTLb2pwNaE8UOCVz1AgsFYzcswaNroRkBDIhblvUFk=
github.com/mattn/go-isatty v0.0.0-20150814002629-7fcbc72f853b/go.mod h1:M+lRXTBqGeGNdLjl/ufCoiOlB5xdOkqRJdNxMWT7Zi4=
github.com/shiena/ansicolor v0.0.0-20150719071531-a5e2b567a4dd h1:IyzCqPRtphPOTAoAwKI9H6bUJ8chpLdlf50mdq8Fcxw=
github.com/shiena/ansicolor v0.0.0-20150719071531-a5e2b567a4dd/go.mod h1:nkxAfR/5quYxwPZhyDxgasBMnRtBZd0FCEpawpjMUFg=
golang.org/x/crypto v0.0.0-20150830180642-aedad9a179ec h1:QDhlVdap91k4Ttt4tbounelV2lm4cj2lCZoBK45NbQk=
golang.org/x/crypto v0.0.0-20150830180642-aedad9a179ec/go.mod h1:6SG95UA2DQfeDnfUPMdvaQW0Q7yPrPDi9nlGo2tz2b4=
